// !$*UTF8*$!
{
	archiveVersion = 1;
	classes = {
	};
	objectVersion = 46;
	objects = {

/* Begin PBXBuildFile section */
		942D63CC1FB9D89000F5F60A /* AppDelegate.swift in Sources */ = {isa = PBXBuildFile; fileRef = 942D63CB1FB9D89000F5F60A /* AppDelegate.swift */; };
		942D63CE1FB9D89000F5F60A /* ViewController.swift in Sources */ = {isa = PBXBuildFile; fileRef = 942D63CD1FB9D89000F5F60A /* ViewController.swift */; };
		942D63D11FB9D89000F5F60A /* Main.storyboard in Resources */ = {isa = PBXBuildFile; fileRef = 942D63CF1FB9D89000F5F60A /* Main.storyboard */; };
		942D63D31FB9D89000F5F60A /* Assets.xcassets in Resources */ = {isa = PBXBuildFile; fileRef = 942D63D21FB9D89000F5F60A /* Assets.xcassets */; };
		942D63D61FB9D89000F5F60A /* LaunchScreen.storyboard in Resources */ = {isa = PBXBuildFile; fileRef = 942D63D41FB9D89000F5F60A /* LaunchScreen.storyboard */; };
/* End PBXBuildFile section */

/* Begin PBXFileReference section */
		942D63C81FB9D89000F5F60A /* Top500Px.app */ = {isa = PBXFileReference; explicitFileType = wrapper.application; includeInIndex = 0; path = Top500Px.app; sourceTree = BUILT_PRODUCTS_DIR; };
		942D63CB1FB9D89000F5F60A /* AppDelegate.swift */ = {isa = PBXFileReference; lastKnownFileType = sourcecode.swift; path = AppDelegate.swift; sourceTree = "<group>"; };
		942D63CD1FB9D89000F5F60A /* ViewController.swift */ = {isa = PBXFileReference; lastKnownFileType = sourcecode.swift; path = ViewController.swift; sourceTree = "<group>"; };
		942D63D01FB9D89000F5F60A /* Base */ = {isa = PBXFileReference; lastKnownFileType = file.storyboard; name = Base; path = Base.lproj/Main.storyboard; sourceTree = "<group>"; };
		942D63D21FB9D89000F5F60A /* Assets.xcassets */ = {isa = PBXFileReference; lastKnownFileType = folder.assetcatalog; path = Assets.xcassets; sourceTree = "<group>"; };
		942D63D51FB9D89000F5F60A /* Base */ = {isa = PBXFileReference; lastKnownFileType = file.storyboard; name = Base; path = Base.lproj/LaunchScreen.storyboard; sourceTree = "<group>"; };
		942D63D71FB9D89000F5F60A /* Info.plist */ = {isa = PBXFileReference; lastKnownFileType = text.plist.xml; path = Info.plist; sourceTree = "<group>"; };
/* End PBXFileReference section */

/* Begin PBXFrameworksBuildPhase section */
		942D63C51FB9D89000F5F60A /* Frameworks */ = {
			isa = PBXFrameworksBuildPhase;
			buildActionMask = 2147483647;
			files = (
			);
			runOnlyForDeploymentPostprocessing = 0;
		};
/* End PBXFrameworksBuildPhase section */

/* Begin PBXGroup section */
		942D63BF1FB9D89000F5F60A = {
			isa = PBXGroup;
			children = (
				942D63CA1FB9D89000F5F60A /* TopPics500Px */,
				942D63C91FB9D89000F5F60A /* Products */,
			);
			sourceTree = "<group>";
		};
		942D63C91FB9D89000F5F60A /* Products */ = {
			isa = PBXGroup;
			children = (
				942D63C81FB9D89000F5F60A /* Top500Px.app */,
			);
			name = Products;
			sourceTree = "<group>";
		};
		942D63CA1FB9D89000F5F60A /* TopPics500Px */ = {
			isa = PBXGroup;
			children = (
				942D63CB1FB9D89000F5F60A /* AppDelegate.swift */,
				942D63CD1FB9D89000F5F60A /* ViewController.swift */,
				942D63CF1FB9D89000F5F60A /* Main.storyboard */,
				942D63D21FB9D89000F5F60A /* Assets.xcassets */,
				942D63D41FB9D89000F5F60A /* LaunchScreen.storyboard */,
				942D63D71FB9D89000F5F60A /* Info.plist */,
			);
			name = TopPics500Px;
			path = Top500Px;
			sourceTree = "<group>";
		};
/* End PBXGroup section */

/* Begin PBXNativeTarget section */
		942D63C71FB9D89000F5F60A /* Top500Px */ = {
			isa = PBXNativeTarget;
			buildConfigurationList = 942D63DA1FB9D89000F5F60A /* Build configuration list for PBXNativeTarget "Top500Px" */;
			buildPhases = (
				942D63C41FB9D89000F5F60A /* Sources */,
				942D63C51FB9D89000F5F60A /* Frameworks */,
				942D63C61FB9D89000F5F60A /* Resources */,
			);
			buildRules = (
			);
			dependencies = (
			);
			name = Top500Px;
			productName = Top500Px;
			productReference = 942D63C81FB9D89000F5F60A /* Top500Px.app */;
			productType = "com.apple.product-type.application";
		};
/* End PBXNativeTarget section */

/* Begin PBXProject section */
		942D63C01FB9D89000F5F60A /* Project object */ = {
			isa = PBXProject;
			attributes = {
				LastSwiftUpdateCheck = 0830;
				LastUpgradeCheck = 0830;
				ORGANIZATIONNAME = "Ryan de Kwaadsteniet";
				TargetAttributes = {
					942D63C71FB9D89000F5F60A = {
						CreatedOnToolsVersion = 8.3.1;
						ProvisioningStyle = Automatic;
					};
				};
			};
			buildConfigurationList = 942D63C31FB9D89000F5F60A /* Build configuration list for PBXProject "TopPics500Px" */;
			compatibilityVersion = "Xcode 3.2";
			developmentRegion = English;
			hasScannedForEncodings = 0;
			knownRegions = (
				en,
				Base,
			);
			mainGroup = 942D63BF1FB9D89000F5F60A;
			productRefGroup = 942D63C91FB9D89000F5F60A /* Products */;
			projectDirPath = "";
			projectRoot = "";
			targets = (
				942D63C71FB9D89000F5F60A /* Top500Px */,
			);
		};
/* End PBXProject section */

/* Begin PBXResourcesBuildPhase section */
		942D63C61FB9D89000F5F60A /* Resources */ = {
			isa = PBXResourcesBuildPhase;
			buildActionMask = 2147483647;
			files = (
				942D63D61FB9D89000F5F60A /* LaunchScreen.storyboard in Resources */,
				942D63D31FB9D89000F5F60A /* Assets.xcassets in Resources */,
				942D63D11FB9D89000F5F60A /* Main.storyboard in Resources */,
			);
			runOnlyForDeploymentPostprocessing = 0;
		};
/* End PBXResourcesBuildPhase section */

/* Begin PBXSourcesBuildPhase section */
		942D63C41FB9D89000F5F60A /* Sources */ = {
			isa = PBXSourcesBuildPhase;
			buildActionMask = 2147483647;
			files = (
				942D63CE1FB9D89000F5F60A /* ViewController.swift in Sources */,
				942D63CC1FB9D89000F5F60A /* AppDelegate.swift in Sources */,
			);
			runOnlyForDeploymentPostprocessing = 0;
		};
/* End PBXSourcesBuildPhase section */

/* Begin PBXVariantGroup section */
		942D63CF1FB9D89000F5F60A /* Main.storyboard */ = {
			isa = PBXVariantGroup;
			children = (
				942D63D01FB9D89000F5F60A /* Base */,
			);
			name = Main.storyboard;
			sourceTree = "<group>";
		};
		942D63D41FB9D89000F5F60A /* LaunchScreen.storyboard */ = {
			isa = PBXVariantGroup;
			children = (
				942D63D51FB9D89000F5F60A /* Base */,
			);
			name = LaunchScreen.storyboard;
			sourceTree = "<group>";
		};
/* End PBXVariantGroup section */

/* Begin XCBuildConfiguration section */
		942D63D81FB9D89000F5F60A /* Debug */ = {
			isa = XCBuildConfiguration;
			buildSettings = {
				ALWAYS_SEARCH_USER_PATHS = NO;
				CLANG_ANALYZER_NONNULL = YES;
				CLANG_ANALYZER_NUMBER_OBJECT_CONVERSION = YES_AGGRESSIVE;
				CLANG_CXX_LANGUAGE_STANDARD = "gnu++0x";
				CLANG_CXX_LIBRARY = "libc++";
				CLANG_ENABLE_MODULES = YES;
				CLANG_ENABLE_OBJC_ARC = YES;
				CLANG_WARN_BOOL_CONVERSION = YES;
				CLANG_WARN_CONSTANT_CONVERSION = YES;
				CLANG_WARN_DIRECT_OBJC_ISA_USAGE = YES_ERROR;
				CLANG_WARN_DOCUMENTATION_COMMENTS = YES;
				CLANG_WARN_EMPTY_BODY = YES;
				CLANG_WARN_ENUM_CONVERSION = YES;
				CLANG_WARN_INFINITE_RECURSION = YES;
				CLANG_WARN_INT_CONVERSION = YES;
				CLANG_WARN_OBJC_ROOT_CLASS = YES_ERROR;
				CLANG_WARN_SUSPICIOUS_MOVE = YES;
				CLANG_WARN_UNREACHABLE_CODE = YES;
				CLANG_WARN__DUPLICATE_METHOD_MATCH = YES;
				"CODE_SIGN_IDENTITY[sdk=iphoneos*]" = "iPhone Developer";
				COPY_PHASE_STRIP = NO;
				DEBUG_INFORMATION_FORMAT = dwarf;
				ENABLE_STRICT_OBJC_MSGSEND = YES;
				ENABLE_TESTABILITY = YES;
				GCC_C_LANGUAGE_STANDARD = gnu99;
				GCC_DYNAMIC_NO_PIC = NO;
				GCC_NO_COMMON_BLOCKS = YES;
				GCC_OPTIMIZATION_LEVEL = 0;
				GCC_PREPROCESSOR_DEFINITIONS = (
					"DEBUG=1",
					"$(inherited)",
				);
				GCC_WARN_64_TO_32_BIT_CONVERSION = YES;
				GCC_WARN_ABOUT_RETURN_TYPE = YES_ERROR;
				GCC_WARN_UNDECLARED_SELECTOR = YES;
				GCC_WARN_UNINITIALIZED_AUTOS = YES_AGGRESSIVE;
				GCC_WARN_UNUSED_FUNCTION = YES;
				GCC_WARN_UNUSED_VARIABLE = YES;
				IPHONEOS_DEPLOYMENT_TARGET = 10.3;
				MTL_ENABLE_DEBUG_INFO = YES;
				ONLY_ACTIVE_ARCH = YES;
				SDKROOT = iphoneos;
				SWIFT_ACTIVE_COMPILATION_CONDITIONS = DEBUG;
				SWIFT_OPTIMIZATION_LEVEL = "-Onone";
			};
			name = Debug;
		};
		942D63D91FB9D89000F5F60A /* Release */ = {
			isa = XCBuildConfiguration;
			buildSettings = {
				ALWAYS_SEARCH_USER_PATHS = NO;
				CLANG_ANALYZER_NONNULL = YES;
				CLANG_ANALYZER_NUMBER_OBJECT_CONVERSION = YES_AGGRESSIVE;
				CLANG_CXX_LANGUAGE_STANDARD = "gnu++0x";
				CLANG_CXX_LIBRARY = "libc++";
				CLANG_ENABLE_MODULES = YES;
				CLANG_ENABLE_OBJC_ARC = YES;
				CLANG_WARN_BOOL_CONVERSION = YES;
				CLANG_WARN_CONSTANT_CONVERSION = YES;
				CLANG_WARN_DIRECT_OBJC_ISA_USAGE = YES_ERROR;
				CLANG_WARN_DOCUMENTATION_COMMENTS = YES;
				CLANG_WARN_EMPTY_BODY = YES;
				CLANG_WARN_ENUM_CONVERSION = YES;
				CLANG_WARN_INFINITE_RECURSION = YES;
				CLANG_WARN_INT_CONVERSION = YES;
				CLANG_WARN_OBJC_ROOT_CLASS = YES_ERROR;
				CLANG_WARN_SUSPICIOUS_MOVE = YES;
				CLANG_WARN_UNREACHABLE_CODE = YES;
				CLANG_WARN__DUPLICATE_METHOD_MATCH = YES;
				"CODE_SIGN_IDENTITY[sdk=iphoneos*]" = "iPhone Developer";
				COPY_PHASE_STRIP = NO;
				DEBUG_INFORMATION_FORMAT = "dwarf-with-dsym";
				ENABLE_NS_ASSERTIONS = NO;
				ENABLE_STRICT_OBJC_MSGSEND = YES;
				GCC_C_LANGUAGE_STANDARD = gnu99;
				GCC_NO_COMMON_BLOCKS = YES;
				GCC_WARN_64_TO_32_BIT_CONVERSION = YES;
				GCC_WARN_ABOUT_RETURN_TYPE = YES_ERROR;
				GCC_WARN_UNDECLARED_SELECTOR = YES;
				GCC_WARN_UNINITIALIZED_AUTOS = YES_AGGRESSIVE;
				GCC_WARN_UNUSED_FUNCTION = YES;
				GCC_WARN_UNUSED_VARIABLE = YES;
				IPHONEOS_DEPLOYMENT_TARGET = 10.3;
				MTL_ENABLE_DEBUG_INFO = NO;
				SDKROOT = iphoneos;
				SWIFT_OPTIMIZATION_LEVEL = "-Owholemodule";
				VALIDATE_PRODUCT = YES;
			};
			name = Release;
		};
		942D63DB1FB9D89000F5F60A /* Debug */ = {
			isa = XCBuildConfiguration;
			buildSettings = {
				ASSETCATALOG_COMPILER_APPICON_NAME = AppIcon;
				INFOPLIST_FILE = Top500Px/Info.plist;
				LD_RUNPATH_SEARCH_PATHS = "$(inherited) @executable_path/Frameworks";
				PRODUCT_BUNDLE_IDENTIFIER = com.TopPics500Px;
				PRODUCT_NAME = "$(TARGET_NAME)";
				SWIFT_VERSION = 3.0;
			};
			name = Debug;
		};
		942D63DC1FB9D89000F5F60A /* Release */ = {
			isa = XCBuildConfiguration;
			buildSettings = {
				ASSETCATALOG_COMPILER_APPICON_NAME = AppIcon;
				INFOPLIST_FILE = Top500Px/Info.plist;
				LD_RUNPATH_SEARCH_PATHS = "$(inherited) @executable_path/Frameworks";
				PRODUCT_BUNDLE_IDENTIFIER = com.TopPics500Px;
				PRODUCT_NAME = "$(TARGET_NAME)";
				SWIFT_VERSION = 3.0;
			};
			name = Release;
		};
/* End XCBuildConfiguration section */

/* Begin XCConfigurationList section */
		942D63C31FB9D89000F5F60A /* Build configuration list for PBXProject "TopPics500Px" */ = {
			isa = XCConfigurationList;
			buildConfigurations = (
				942D63D81FB9D89000F5F60A /* Debug */,
				942D63D91FB9D89000F5F60A /* Release */,
			);
			defaultConfigurationIsVisible = 0;
			defaultConfigurationName = Release;
		};
		942D63DA1FB9D89000F5F60A /* Build configuration list for PBXNativeTarget "Top500Px" */ = {
			isa = XCConfigurationList;
			buildConfigurations = (
				942D63DB1FB9D89000F5F60A /* Debug */,
				942D63DC1FB9D89000F5F60A /* Release */,
			);
			defaultConfigurationIsVisible = 0;
			defaultConfigurationName = Release;
		};
/* End XCConfigurationList section */
	};
	rootObject = 942D63C01FB9D89000F5F60A /* Project object */;
}
